
Microsoft Visual Studio Solution File, Format Version 12.00
# Visual Studio Version 17
VisualStudioVersion = 17.0.32112.339
MinimumVisualStudioVersion = 10.0.40219.1
Project("{FAE04EC0-301F-11D3-BF4B-00C04F79EFBC}") = "UserRegistrationRegularExPr", "UserRegistrationRegularExPr\UserRegistrationRegularExPr.csproj", "{F48DA77E-AA30-4930-882A-F818890BC732}"
EndProject
Global
	GlobalSection(SolutionConfigurationPlatforms) = preSolution
		Debug|Any CPU = Debug|Any CPU
		Release|Any CPU = Release|Any CPU
	EndGlobalSection
	GlobalSection(ProjectConfigurationPlatforms) = postSolution
		{F48DA77E-AA30-4930-882A-F818890BC732}.Debug|Any CPU.ActiveCfg = Debug|Any CPU
		{F48DA77E-AA30-4930-882A-F818890BC732}.Debug|Any CPU.Build.0 = Debug|Any CPU
		{F48DA77E-AA30-4930-882A-F818890BC732}.Release|Any CPU.ActiveCfg = Release|Any CPU
		{F48DA77E-AA30-4930-882A-F818890BC732}.Release|Any CPU.Build.0 = Release|Any CPU
	EndGlobalSection
	GlobalSection(SolutionProperties) = preSolution
		HideSolutionNode = FALSE
	EndGlobalSection
	GlobalSection(ExtensibilityGlobals) = postSolution
		SolutionGuid = {602AE276-0F67-4BB0-871B-B50B46C4EA19}
	EndGlobalSection
EndGlobal
